
Microsoft Visual Studio Solution File, Format Version 12.00
# Visual Studio Version 16
VisualStudioVersion = 16.0.32228.343
MinimumVisualStudioVersion = 10.0.40219.1
Project("{FAE04EC0-301F-11D3-BF4B-00C04F79EFBC}") = "WindowsServiceTeste", "WindowsServiceTeste\WindowsServiceTeste.csproj", "{ADFBAE36-1FE5-4FFD-A836-712FFD3CB05E}"
EndProject
Global
	GlobalSection(SolutionConfigurationPlatforms) = preSolution
		Debug|Any CPU = Debug|Any CPU
		Release|Any CPU = Release|Any CPU
	EndGlobalSection
	GlobalSection(ProjectConfigurationPlatforms) = postSolution
		{ADFBAE36-1FE5-4FFD-A836-712FFD3CB05E}.Debug|Any CPU.ActiveCfg = Debug|Any CPU
		{ADFBAE36-1FE5-4FFD-A836-712FFD3CB05E}.Debug|Any CPU.Build.0 = Debug|Any CPU
		{ADFBAE36-1FE5-4FFD-A836-712FFD3CB05E}.Release|Any CPU.ActiveCfg = Release|Any CPU
		{ADFBAE36-1FE5-4FFD-A836-712FFD3CB05E}.Release|Any CPU.Build.0 = Release|Any CPU
	EndGlobalSection
	GlobalSection(SolutionProperties) = preSolution
		HideSolutionNode = FALSE
	EndGlobalSection
	GlobalSection(ExtensibilityGlobals) = postSolution
		SolutionGuid = {558BB72B-181E-4523-BD6A-FE55D6619E79}
	EndGlobalSection
EndGlobal
